// !$*UTF8*$!
{
	archiveVersion = 1;
	classes = {
	};
	objectVersion = 55;
	objects = {

/* Begin PBXBuildFile section */
		5700374E284A5A15001A3EC3 /* PersistanceManager.swift in Sources */ = {isa = PBXBuildFile; fileRef = 5700374D284A5A15001A3EC3 /* PersistanceManager.swift */; };
		57003750284AA009001A3EC3 /* FavoriteCell.swift in Sources */ = {isa = PBXBuildFile; fileRef = 5700374F284AA009001A3EC3 /* FavoriteCell.swift */; };
		57180B4E2846E275003DC854 /* GFItemInfoView.swift in Sources */ = {isa = PBXBuildFile; fileRef = 57180B4D2846E274003DC854 /* GFItemInfoView.swift */; };
		57180B502846E758003DC854 /* SFSymbols.swift in Sources */ = {isa = PBXBuildFile; fileRef = 57180B4F2846E758003DC854 /* SFSymbols.swift */; };
		57180B542846EAC4003DC854 /* GFItemInfoVC.swift in Sources */ = {isa = PBXBuildFile; fileRef = 57180B532846EAC4003DC854 /* GFItemInfoVC.swift */; };
		57180B562846F360003DC854 /* GFRepoItemVC.swift in Sources */ = {isa = PBXBuildFile; fileRef = 57180B552846F360003DC854 /* GFRepoItemVC.swift */; };
		57180B582846FA96003DC854 /* GFFollowerItemVC.swift in Sources */ = {isa = PBXBuildFile; fileRef = 57180B572846FA96003DC854 /* GFFollowerItemVC.swift */; };
		57180B5B2847011D003DC854 /* Date+Ext.swift in Sources */ = {isa = PBXBuildFile; fileRef = 57180B5A2847011D003DC854 /* Date+Ext.swift */; };
		57180B5D2847012B003DC854 /* String+Ext.swift in Sources */ = {isa = PBXBuildFile; fileRef = 57180B5C2847012B003DC854 /* String+Ext.swift */; };
		574CE43228418B1B003943AB /* UIHelper.swift in Sources */ = {isa = PBXBuildFile; fileRef = 574CE43128418B1B003943AB /* UIHelper.swift */; };
		57504D5F2846A3C900CA4A51 /* GFError.swift in Sources */ = {isa = PBXBuildFile; fileRef = 57504D5E2846A3C900CA4A51 /* GFError.swift */; };
		57504D612846AA2700CA4A51 /* GFUserInfoHeaderVC.swift in Sources */ = {isa = PBXBuildFile; fileRef = 57504D602846AA2700CA4A51 /* GFUserInfoHeaderVC.swift */; };
		57504D632846AAB200CA4A51 /* GFSecondaryTitleLabel.swift in Sources */ = {isa = PBXBuildFile; fileRef = 57504D622846AAB200CA4A51 /* GFSecondaryTitleLabel.swift */; };
		57AC306828464FE100BB682D /* UserInfoVC.swift in Sources */ = {isa = PBXBuildFile; fileRef = 57AC306728464FE100BB682D /* UserInfoVC.swift */; };
		57B68686283803DF00986E92 /* AppDelegate.swift in Sources */ = {isa = PBXBuildFile; fileRef = 57B68685283803DF00986E92 /* AppDelegate.swift */; };
		57B68688283803DF00986E92 /* SceneDelegate.swift in Sources */ = {isa = PBXBuildFile; fileRef = 57B68687283803DF00986E92 /* SceneDelegate.swift */; };
		57B6868F283803E000986E92 /* Assets.xcassets in Resources */ = {isa = PBXBuildFile; fileRef = 57B6868E283803E000986E92 /* Assets.xcassets */; };
		57B68692283803E000986E92 /* LaunchScreen.storyboard in Resources */ = {isa = PBXBuildFile; fileRef = 57B68690283803E000986E92 /* LaunchScreen.storyboard */; };
		57B6869A28380EFB00986E92 /* SearchVC.swift in Sources */ = {isa = PBXBuildFile; fileRef = 57B6869928380EFB00986E92 /* SearchVC.swift */; };
		57B6869C28380F0F00986E92 /* FavouritesVC.swift in Sources */ = {isa = PBXBuildFile; fileRef = 57B6869B28380F0F00986E92 /* FavouritesVC.swift */; };
		57B6869E2838E18C00986E92 /* GFButton.swift in Sources */ = {isa = PBXBuildFile; fileRef = 57B6869D2838E18C00986E92 /* GFButton.swift */; };
		57B686A02838E5A900986E92 /* GFTextField.swift in Sources */ = {isa = PBXBuildFile; fileRef = 57B6869F2838E5A900986E92 /* GFTextField.swift */; };
		57B686C5283954AB00986E92 /* FollowersVC.swift in Sources */ = {isa = PBXBuildFile; fileRef = 57B686C4283954AB00986E92 /* FollowersVC.swift */; };
		57B686C72839644400986E92 /* GFTitleLabel.swift in Sources */ = {isa = PBXBuildFile; fileRef = 57B686C62839644300986E92 /* GFTitleLabel.swift */; };
		57B686C9283966C900986E92 /* GFBodyLabel.swift in Sources */ = {isa = PBXBuildFile; fileRef = 57B686C8283966C900986E92 /* GFBodyLabel.swift */; };
		57B686CB2839681400986E92 /* GFAlertVC.swift in Sources */ = {isa = PBXBuildFile; fileRef = 57B686CA2839681400986E92 /* GFAlertVC.swift */; };
		57B686CD283A115200986E92 /* UIViewController+Ext.swift in Sources */ = {isa = PBXBuildFile; fileRef = 57B686CC283A115200986E92 /* UIViewController+Ext.swift */; };
		57B686D4283ABADD00986E92 /* Follower.swift in Sources */ = {isa = PBXBuildFile; fileRef = 57B686D3283ABADD00986E92 /* Follower.swift */; };
		57B686D6283ABE5F00986E92 /* User.swift in Sources */ = {isa = PBXBuildFile; fileRef = 57B686D5283ABE5F00986E92 /* User.swift */; };
		57B686DA283B477900986E92 /* NetworkManager.swift in Sources */ = {isa = PBXBuildFile; fileRef = 57B686D9283B477900986E92 /* NetworkManager.swift */; };
		57B9D9962845A1ED008CF581 /* GFEmptyStateView.swift in Sources */ = {isa = PBXBuildFile; fileRef = 57B9D9952845A1ED008CF581 /* GFEmptyStateView.swift */; };
		57D1BAC42840164E002E160C /* FollowerCell.swift in Sources */ = {isa = PBXBuildFile; fileRef = 57D1BAC32840164E002E160C /* FollowerCell.swift */; };
		57D1BAC6284018B0002E160C /* GFAvatarImageView.swift in Sources */ = {isa = PBXBuildFile; fileRef = 57D1BAC5284018B0002E160C /* GFAvatarImageView.swift */; };
/* End PBXBuildFile section */

/* Begin PBXFileReference section */
		5700374D284A5A15001A3EC3 /* PersistanceManager.swift */ = {isa = PBXFileReference; lastKnownFileType = sourcecode.swift; path = PersistanceManager.swift; sourceTree = "<group>"; };
		5700374F284AA009001A3EC3 /* FavoriteCell.swift */ = {isa = PBXFileReference; lastKnownFileType = sourcecode.swift; path = FavoriteCell.swift; sourceTree = "<group>"; };
		57180B4D2846E274003DC854 /* GFItemInfoView.swift */ = {isa = PBXFileReference; lastKnownFileType = sourcecode.swift; path = GFItemInfoView.swift; sourceTree = "<group>"; };
		57180B4F2846E758003DC854 /* SFSymbols.swift */ = {isa = PBXFileReference; lastKnownFileType = sourcecode.swift; path = SFSymbols.swift; sourceTree = "<group>"; };
		57180B532846EAC4003DC854 /* GFItemInfoVC.swift */ = {isa = PBXFileReference; lastKnownFileType = sourcecode.swift; path = GFItemInfoVC.swift; sourceTree = "<group>"; };
		57180B552846F360003DC854 /* GFRepoItemVC.swift */ = {isa = PBXFileReference; lastKnownFileType = sourcecode.swift; path = GFRepoItemVC.swift; sourceTree = "<group>"; };
		57180B572846FA96003DC854 /* GFFollowerItemVC.swift */ = {isa = PBXFileReference; lastKnownFileType = sourcecode.swift; path = GFFollowerItemVC.swift; sourceTree = "<group>"; };
		57180B5A2847011D003DC854 /* Date+Ext.swift */ = {isa = PBXFileReference; lastKnownFileType = sourcecode.swift; path = "Date+Ext.swift"; sourceTree = "<group>"; };
		57180B5C2847012B003DC854 /* String+Ext.swift */ = {isa = PBXFileReference; lastKnownFileType = sourcecode.swift; path = "String+Ext.swift"; sourceTree = "<group>"; };
		574CE43128418B1B003943AB /* UIHelper.swift */ = {isa = PBXFileReference; lastKnownFileType = sourcecode.swift; path = UIHelper.swift; sourceTree = "<group>"; };
		57504D5E2846A3C900CA4A51 /* GFError.swift */ = {isa = PBXFileReference; lastKnownFileType = sourcecode.swift; path = GFError.swift; sourceTree = "<group>"; };
		57504D602846AA2700CA4A51 /* GFUserInfoHeaderVC.swift */ = {isa = PBXFileReference; lastKnownFileType = sourcecode.swift; path = GFUserInfoHeaderVC.swift; sourceTree = "<group>"; };
		57504D622846AAB200CA4A51 /* GFSecondaryTitleLabel.swift */ = {isa = PBXFileReference; lastKnownFileType = sourcecode.swift; path = GFSecondaryTitleLabel.swift; sourceTree = "<group>"; };
		57AC306728464FE100BB682D /* UserInfoVC.swift */ = {isa = PBXFileReference; lastKnownFileType = sourcecode.swift; path = UserInfoVC.swift; sourceTree = "<group>"; };
		57B68682283803DF00986E92 /* GHFollowers.app */ = {isa = PBXFileReference; explicitFileType = wrapper.application; includeInIndex = 0; path = GHFollowers.app; sourceTree = BUILT_PRODUCTS_DIR; };
		57B68685283803DF00986E92 /* AppDelegate.swift */ = {isa = PBXFileReference; lastKnownFileType = sourcecode.swift; path = AppDelegate.swift; sourceTree = "<group>"; };
		57B68687283803DF00986E92 /* SceneDelegate.swift */ = {isa = PBXFileReference; lastKnownFileType = sourcecode.swift; path = SceneDelegate.swift; sourceTree = "<group>"; };
		57B6868E283803E000986E92 /* Assets.xcassets */ = {isa = PBXFileReference; lastKnownFileType = folder.assetcatalog; path = Assets.xcassets; sourceTree = "<group>"; };
		57B68691283803E000986E92 /* Base */ = {isa = PBXFileReference; lastKnownFileType = file.storyboard; name = Base; path = Base.lproj/LaunchScreen.storyboard; sourceTree = "<group>"; };
		57B68693283803E000986E92 /* Info.plist */ = {isa = PBXFileReference; lastKnownFileType = text.plist.xml; path = Info.plist; sourceTree = "<group>"; };
		57B6869928380EFB00986E92 /* SearchVC.swift */ = {isa = PBXFileReference; lastKnownFileType = sourcecode.swift; path = SearchVC.swift; sourceTree = "<group>"; };
		57B6869B28380F0F00986E92 /* FavouritesVC.swift */ = {isa = PBXFileReference; lastKnownFileType = sourcecode.swift; path = FavouritesVC.swift; sourceTree = "<group>"; };
		57B6869D2838E18C00986E92 /* GFButton.swift */ = {isa = PBXFileReference; lastKnownFileType = sourcecode.swift; path = GFButton.swift; sourceTree = "<group>"; };
		57B6869F2838E5A900986E92 /* GFTextField.swift */ = {isa = PBXFileReference; lastKnownFileType = sourcecode.swift; path = GFTextField.swift; sourceTree = "<group>"; };
		57B686C4283954AB00986E92 /* FollowersVC.swift */ = {isa = PBXFileReference; lastKnownFileType = sourcecode.swift; path = FollowersVC.swift; sourceTree = "<group>"; };
		57B686C62839644300986E92 /* GFTitleLabel.swift */ = {isa = PBXFileReference; lastKnownFileType = sourcecode.swift; path = GFTitleLabel.swift; sourceTree = "<group>"; };
		57B686C8283966C900986E92 /* GFBodyLabel.swift */ = {isa = PBXFileReference; lastKnownFileType = sourcecode.swift; path = GFBodyLabel.swift; sourceTree = "<group>"; };
		57B686CA2839681400986E92 /* GFAlertVC.swift */ = {isa = PBXFileReference; lastKnownFileType = sourcecode.swift; path = GFAlertVC.swift; sourceTree = "<group>"; };
		57B686CC283A115200986E92 /* UIViewController+Ext.swift */ = {isa = PBXFileReference; lastKnownFileType = sourcecode.swift; path = "UIViewController+Ext.swift"; sourceTree = "<group>"; };
		57B686D3283ABADD00986E92 /* Follower.swift */ = {isa = PBXFileReference; lastKnownFileType = sourcecode.swift; path = Follower.swift; sourceTree = "<group>"; };
		57B686D5283ABE5F00986E92 /* User.swift */ = {isa = PBXFileReference; lastKnownFileType = sourcecode.swift; path = User.swift; sourceTree = "<group>"; };
		57B686D9283B477900986E92 /* NetworkManager.swift */ = {isa = PBXFileReference; lastKnownFileType = sourcecode.swift; path = NetworkManager.swift; sourceTree = "<group>"; };
		57B9D9952845A1ED008CF581 /* GFEmptyStateView.swift */ = {isa = PBXFileReference; lastKnownFileType = sourcecode.swift; path = GFEmptyStateView.swift; sourceTree = "<group>"; };
		57D1BAC32840164E002E160C /* FollowerCell.swift */ = {isa = PBXFileReference; lastKnownFileType = sourcecode.swift; path = FollowerCell.swift; sourceTree = "<group>"; };
		57D1BAC5284018B0002E160C /* GFAvatarImageView.swift */ = {isa = PBXFileReference; lastKnownFileType = sourcecode.swift; path = GFAvatarImageView.swift; sourceTree = "<group>"; };
/* End PBXFileReference section */

/* Begin PBXFrameworksBuildPhase section */
		57B6867F283803DF00986E92 /* Frameworks */ = {
			isa = PBXFrameworksBuildPhase;
			buildActionMask = 2147483647;
			files = (
			);
			runOnlyForDeploymentPostprocessing = 0;
		};
/* End PBXFrameworksBuildPhase section */

/* Begin PBXGroup section */
		57180B592846FB0E003DC854 /* ItemInfoVC */ = {
			isa = PBXGroup;
			children = (
				57180B532846EAC4003DC854 /* GFItemInfoVC.swift */,
				57180B552846F360003DC854 /* GFRepoItemVC.swift */,
				57180B572846FA96003DC854 /* GFFollowerItemVC.swift */,
			);
			path = ItemInfoVC;
			sourceTree = "<group>";
		};
		57B68679283803DF00986E92 = {
			isa = PBXGroup;
			children = (
				57B68684283803DF00986E92 /* GHFollowers */,
				57B68683283803DF00986E92 /* Products */,
			);
			sourceTree = "<group>";
		};
		57B68683283803DF00986E92 /* Products */ = {
			isa = PBXGroup;
			children = (
				57B68682283803DF00986E92 /* GHFollowers.app */,
			);
			name = Products;
			sourceTree = "<group>";
		};
		57B68684283803DF00986E92 /* GHFollowers */ = {
			isa = PBXGroup;
			children = (
				57B686DB283C0BCC00986E92 /* Utilities */,
				57B686D8283B475F00986E92 /* Managers */,
				57B686D2283ABACA00986E92 /* Model */,
				57B686D1283A168D00986E92 /* Extensions */,
				57B686D0283A167700986E92 /* Custom Views */,
				57B686CF283A164F00986E92 /* Screens */,
				57B686CE283A163D00986E92 /* Support */,
				57B68693283803E000986E92 /* Info.plist */,
			);
			path = GHFollowers;
			sourceTree = "<group>";
		};
		57B686CE283A163D00986E92 /* Support */ = {
			isa = PBXGroup;
			children = (
				57B68685283803DF00986E92 /* AppDelegate.swift */,
				57B68687283803DF00986E92 /* SceneDelegate.swift */,
				57B6868E283803E000986E92 /* Assets.xcassets */,
				57B68690283803E000986E92 /* LaunchScreen.storyboard */,
			);
			path = Support;
			sourceTree = "<group>";
		};
		57B686CF283A164F00986E92 /* Screens */ = {
			isa = PBXGroup;
			children = (
				57B6869928380EFB00986E92 /* SearchVC.swift */,
				57B686C4283954AB00986E92 /* FollowersVC.swift */,
				57B6869B28380F0F00986E92 /* FavouritesVC.swift */,
				57AC306728464FE100BB682D /* UserInfoVC.swift */,
			);
			path = Screens;
			sourceTree = "<group>";
		};
		57B686D0283A167700986E92 /* Custom Views */ = {
			isa = PBXGroup;
			children = (
				57B9D9942845A16A008CF581 /* Labels */,
				57B9D9932845A151008CF581 /* ViewControllers */,
				57B9D9922845A13F008CF581 /* ImageViews */,
				57B9D9912845A131008CF581 /* TextFields */,
				57B9D9902845A12A008CF581 /* Buttons */,
				57B9D98F2845A124008CF581 /* Views */,
				57D1BAC228401633002E160C /* Cells */,
			);
			path = "Custom Views";
			sourceTree = "<group>";
		};
		57B686D1283A168D00986E92 /* Extensions */ = {
			isa = PBXGroup;
			children = (
				57B686CC283A115200986E92 /* UIViewController+Ext.swift */,
				57180B5A2847011D003DC854 /* Date+Ext.swift */,
				57180B5C2847012B003DC854 /* String+Ext.swift */,
			);
			path = Extensions;
			sourceTree = "<group>";
		};
		57B686D2283ABACA00986E92 /* Model */ = {
			isa = PBXGroup;
			children = (
				57B686D3283ABADD00986E92 /* Follower.swift */,
				57B686D5283ABE5F00986E92 /* User.swift */,
			);
			path = Model;
			sourceTree = "<group>";
		};
		57B686D8283B475F00986E92 /* Managers */ = {
			isa = PBXGroup;
			children = (
				57B686D9283B477900986E92 /* NetworkManager.swift */,
				5700374D284A5A15001A3EC3 /* PersistanceManager.swift */,
			);
			path = Managers;
			sourceTree = "<group>";
		};
		57B686DB283C0BCC00986E92 /* Utilities */ = {
			isa = PBXGroup;
			children = (
				574CE43128418B1B003943AB /* UIHelper.swift */,
				57504D5E2846A3C900CA4A51 /* GFError.swift */,
				57180B4F2846E758003DC854 /* SFSymbols.swift */,
			);
			path = Utilities;
			sourceTree = "<group>";
		};
		57B9D98F2845A124008CF581 /* Views */ = {
			isa = PBXGroup;
			children = (
				57B9D9952845A1ED008CF581 /* GFEmptyStateView.swift */,
				57180B4D2846E274003DC854 /* GFItemInfoView.swift */,
			);
			path = Views;
			sourceTree = "<group>";
		};
		57B9D9902845A12A008CF581 /* Buttons */ = {
			isa = PBXGroup;
			children = (
				57B6869D2838E18C00986E92 /* GFButton.swift */,
			);
			path = Buttons;
			sourceTree = "<group>";
		};
		57B9D9912845A131008CF581 /* TextFields */ = {
			isa = PBXGroup;
			children = (
				57B6869F2838E5A900986E92 /* GFTextField.swift */,
			);
			path = TextFields;
			sourceTree = "<group>";
		};
		57B9D9922845A13F008CF581 /* ImageViews */ = {
			isa = PBXGroup;
			children = (
				57D1BAC5284018B0002E160C /* GFAvatarImageView.swift */,
			);
			path = ImageViews;
			sourceTree = "<group>";
		};
		57B9D9932845A151008CF581 /* ViewControllers */ = {
			isa = PBXGroup;
			children = (
				57180B592846FB0E003DC854 /* ItemInfoVC */,
				57B686CA2839681400986E92 /* GFAlertVC.swift */,
				57504D602846AA2700CA4A51 /* GFUserInfoHeaderVC.swift */,
			);
			path = ViewControllers;
			sourceTree = "<group>";
		};
		57B9D9942845A16A008CF581 /* Labels */ = {
			isa = PBXGroup;
			children = (
				57B686C62839644300986E92 /* GFTitleLabel.swift */,
				57504D622846AAB200CA4A51 /* GFSecondaryTitleLabel.swift */,
				57B686C8283966C900986E92 /* GFBodyLabel.swift */,
			);
			path = Labels;
			sourceTree = "<group>";
		};
		57D1BAC228401633002E160C /* Cells */ = {
			isa = PBXGroup;
			children = (
				57D1BAC32840164E002E160C /* FollowerCell.swift */,
				5700374F284AA009001A3EC3 /* FavoriteCell.swift */,
			);
			path = Cells;
			sourceTree = "<group>";
		};
/* End PBXGroup section */

/* Begin PBXNativeTarget section */
		57B68681283803DF00986E92 /* GHFollowers */ = {
			isa = PBXNativeTarget;
			buildConfigurationList = 57B68696283803E000986E92 /* Build configuration list for PBXNativeTarget "GHFollowers" */;
			buildPhases = (
				57B6867E283803DF00986E92 /* Sources */,
				57B6867F283803DF00986E92 /* Frameworks */,
				57B68680283803DF00986E92 /* Resources */,
			);
			buildRules = (
			);
			dependencies = (
			);
			name = GHFollowers;
			productName = GHFollowers;
			productReference = 57B68682283803DF00986E92 /* GHFollowers.app */;
			productType = "com.apple.product-type.application";
		};
/* End PBXNativeTarget section */

/* Begin PBXProject section */
		57B6867A283803DF00986E92 /* Project object */ = {
			isa = PBXProject;
			attributes = {
				BuildIndependentTargetsInParallel = 1;
				LastSwiftUpdateCheck = 1340;
				LastUpgradeCheck = 1340;
				TargetAttributes = {
					57B68681283803DF00986E92 = {
						CreatedOnToolsVersion = 13.4;
					};
				};
			};
			buildConfigurationList = 57B6867D283803DF00986E92 /* Build configuration list for PBXProject "GHFollowers" */;
			compatibilityVersion = "Xcode 13.0";
			developmentRegion = en;
			hasScannedForEncodings = 0;
			knownRegions = (
				en,
				Base,
			);
			mainGroup = 57B68679283803DF00986E92;
			productRefGroup = 57B68683283803DF00986E92 /* Products */;
			projectDirPath = "";
			projectRoot = "";
			targets = (
				57B68681283803DF00986E92 /* GHFollowers */,
			);
		};
/* End PBXProject section */

/* Begin PBXResourcesBuildPhase section */
		57B68680283803DF00986E92 /* Resources */ = {
			isa = PBXResourcesBuildPhase;
			buildActionMask = 2147483647;
			files = (
				57B68692283803E000986E92 /* LaunchScreen.storyboard in Resources */,
				57B6868F283803E000986E92 /* Assets.xcassets in Resources */,
			);
			runOnlyForDeploymentPostprocessing = 0;
		};
/* End PBXResourcesBuildPhase section */

/* Begin PBXSourcesBuildPhase section */
		57B6867E283803DF00986E92 /* Sources */ = {
			isa = PBXSourcesBuildPhase;
			buildActionMask = 2147483647;
			files = (
				57B686D6283ABE5F00986E92 /* User.swift in Sources */,
				57B686A02838E5A900986E92 /* GFTextField.swift in Sources */,
				57B6869A28380EFB00986E92 /* SearchVC.swift in Sources */,
				57180B5D2847012B003DC854 /* String+Ext.swift in Sources */,
				57B686C5283954AB00986E92 /* FollowersVC.swift in Sources */,
				57B686CD283A115200986E92 /* UIViewController+Ext.swift in Sources */,
				574CE43228418B1B003943AB /* UIHelper.swift in Sources */,
				57180B542846EAC4003DC854 /* GFItemInfoVC.swift in Sources */,
				57D1BAC6284018B0002E160C /* GFAvatarImageView.swift in Sources */,
				57B6869E2838E18C00986E92 /* GFButton.swift in Sources */,
				57B686CB2839681400986E92 /* GFAlertVC.swift in Sources */,
				57180B4E2846E275003DC854 /* GFItemInfoView.swift in Sources */,
				57180B582846FA96003DC854 /* GFFollowerItemVC.swift in Sources */,
				57D1BAC42840164E002E160C /* FollowerCell.swift in Sources */,
				57003750284AA009001A3EC3 /* FavoriteCell.swift in Sources */,
				57B686C9283966C900986E92 /* GFBodyLabel.swift in Sources */,
				5700374E284A5A15001A3EC3 /* PersistanceManager.swift in Sources */,
				57504D612846AA2700CA4A51 /* GFUserInfoHeaderVC.swift in Sources */,
				57504D5F2846A3C900CA4A51 /* GFError.swift in Sources */,
				57B686D4283ABADD00986E92 /* Follower.swift in Sources */,
				57B686C72839644400986E92 /* GFTitleLabel.swift in Sources */,
				57504D632846AAB200CA4A51 /* GFSecondaryTitleLabel.swift in Sources */,
				57180B5B2847011D003DC854 /* Date+Ext.swift in Sources */,
				57B9D9962845A1ED008CF581 /* GFEmptyStateView.swift in Sources */,
				57B686DA283B477900986E92 /* NetworkManager.swift in Sources */,
				57B6869C28380F0F00986E92 /* FavouritesVC.swift in Sources */,
				57180B502846E758003DC854 /* SFSymbols.swift in Sources */,
				57B68686283803DF00986E92 /* AppDelegate.swift in Sources */,
				57B68688283803DF00986E92 /* SceneDelegate.swift in Sources */,
				57180B562846F360003DC854 /* GFRepoItemVC.swift in Sources */,
				57AC306828464FE100BB682D /* UserInfoVC.swift in Sources */,
			);
			runOnlyForDeploymentPostprocessing = 0;
		};
/* End PBXSourcesBuildPhase section */

/* Begin PBXVariantGroup section */
		57B68690283803E000986E92 /* LaunchScreen.storyboard */ = {
			isa = PBXVariantGroup;
			children = (
				57B68691283803E000986E92 /* Base */,
			);
			name = LaunchScreen.storyboard;
			sourceTree = "<group>";
		};
/* End PBXVariantGroup section */

/* Begin XCBuildConfiguration section */
		57B68694283803E000986E92 /* Debug */ = {
			isa = XCBuildConfiguration;
			buildSettings = {
				ALWAYS_SEARCH_USER_PATHS = NO;
				CLANG_ANALYZER_NONNULL = YES;
				CLANG_ANALYZER_NUMBER_OBJECT_CONVERSION = YES_AGGRESSIVE;
				CLANG_CXX_LANGUAGE_STANDARD = "gnu++17";
				CLANG_ENABLE_MODULES = YES;
				CLANG_ENABLE_OBJC_ARC = YES;
				CLANG_ENABLE_OBJC_WEAK = YES;
				CLANG_WARN_BLOCK_CAPTURE_AUTORELEASING = YES;
				CLANG_WARN_BOOL_CONVERSION = YES;
				CLANG_WARN_COMMA = YES;
				CLANG_WARN_CONSTANT_CONVERSION = YES;
				CLANG_WARN_DEPRECATED_OBJC_IMPLEMENTATIONS = YES;
				CLANG_WARN_DIRECT_OBJC_ISA_USAGE = YES_ERROR;
				CLANG_WARN_DOCUMENTATION_COMMENTS = YES;
				CLANG_WARN_EMPTY_BODY = YES;
				CLANG_WARN_ENUM_CONVERSION = YES;
				CLANG_WARN_INFINITE_RECURSION = YES;
				CLANG_WARN_INT_CONVERSION = YES;
				CLANG_WARN_NON_LITERAL_NULL_CONVERSION = YES;
				CLANG_WARN_OBJC_IMPLICIT_RETAIN_SELF = YES;
				CLANG_WARN_OBJC_LITERAL_CONVERSION = YES;
				CLANG_WARN_OBJC_ROOT_CLASS = YES_ERROR;
				CLANG_WARN_QUOTED_INCLUDE_IN_FRAMEWORK_HEADER = YES;
				CLANG_WARN_RANGE_LOOP_ANALYSIS = YES;
				CLANG_WARN_STRICT_PROTOTYPES = YES;
				CLANG_WARN_SUSPICIOUS_MOVE = YES;
				CLANG_WARN_UNGUARDED_AVAILABILITY = YES_AGGRESSIVE;
				CLANG_WARN_UNREACHABLE_CODE = YES;
				CLANG_WARN__DUPLICATE_METHOD_MATCH = YES;
				COPY_PHASE_STRIP = NO;
				DEBUG_INFORMATION_FORMAT = dwarf;
				ENABLE_STRICT_OBJC_MSGSEND = YES;
				ENABLE_TESTABILITY = YES;
				GCC_C_LANGUAGE_STANDARD = gnu11;
				GCC_DYNAMIC_NO_PIC = NO;
				GCC_NO_COMMON_BLOCKS = YES;
				GCC_OPTIMIZATION_LEVEL = 0;
				GCC_PREPROCESSOR_DEFINITIONS = (
					"DEBUG=1",
					"$(inherited)",
				);
				GCC_WARN_64_TO_32_BIT_CONVERSION = YES;
				GCC_WARN_ABOUT_RETURN_TYPE = YES_ERROR;
				GCC_WARN_UNDECLARED_SELECTOR = YES;
				GCC_WARN_UNINITIALIZED_AUTOS = YES_AGGRESSIVE;
				GCC_WARN_UNUSED_FUNCTION = YES;
				GCC_WARN_UNUSED_VARIABLE = YES;
				IPHONEOS_DEPLOYMENT_TARGET = 15.5;
				MTL_ENABLE_DEBUG_INFO = INCLUDE_SOURCE;
				MTL_FAST_MATH = YES;
				ONLY_ACTIVE_ARCH = YES;
				SDKROOT = iphoneos;
				SWIFT_ACTIVE_COMPILATION_CONDITIONS = DEBUG;
				SWIFT_OPTIMIZATION_LEVEL = "-Onone";
			};
			name = Debug;
		};
		57B68695283803E000986E92 /* Release */ = {
			isa = XCBuildConfiguration;
			buildSettings = {
				ALWAYS_SEARCH_USER_PATHS = NO;
				CLANG_ANALYZER_NONNULL = YES;
				CLANG_ANALYZER_NUMBER_OBJECT_CONVERSION = YES_AGGRESSIVE;
				CLANG_CXX_LANGUAGE_STANDARD = "gnu++17";
				CLANG_ENABLE_MODULES = YES;
				CLANG_ENABLE_OBJC_ARC = YES;
				CLANG_ENABLE_OBJC_WEAK = YES;
				CLANG_WARN_BLOCK_CAPTURE_AUTORELEASING = YES;
				CLANG_WARN_BOOL_CONVERSION = YES;
				CLANG_WARN_COMMA = YES;
				CLANG_WARN_CONSTANT_CONVERSION = YES;
				CLANG_WARN_DEPRECATED_OBJC_IMPLEMENTATIONS = YES;
				CLANG_WARN_DIRECT_OBJC_ISA_USAGE = YES_ERROR;
				CLANG_WARN_DOCUMENTATION_COMMENTS = YES;
				CLANG_WARN_EMPTY_BODY = YES;
				CLANG_WARN_ENUM_CONVERSION = YES;
				CLANG_WARN_INFINITE_RECURSION = YES;
				CLANG_WARN_INT_CONVERSION = YES;
				CLANG_WARN_NON_LITERAL_NULL_CONVERSION = YES;
				CLANG_WARN_OBJC_IMPLICIT_RETAIN_SELF = YES;
				CLANG_WARN_OBJC_LITERAL_CONVERSION = YES;
				CLANG_WARN_OBJC_ROOT_CLASS = YES_ERROR;
				CLANG_WARN_QUOTED_INCLUDE_IN_FRAMEWORK_HEADER = YES;
				CLANG_WARN_RANGE_LOOP_ANALYSIS = YES;
				CLANG_WARN_STRICT_PROTOTYPES = YES;
				CLANG_WARN_SUSPICIOUS_MOVE = YES;
				CLANG_WARN_UNGUARDED_AVAILABILITY = YES_AGGRESSIVE;
				CLANG_WARN_UNREACHABLE_CODE = YES;
				CLANG_WARN__DUPLICATE_METHOD_MATCH = YES;
				COPY_PHASE_STRIP = NO;
				DEBUG_INFORMATION_FORMAT = "dwarf-with-dsym";
				ENABLE_NS_ASSERTIONS = NO;
				ENABLE_STRICT_OBJC_MSGSEND = YES;
				GCC_C_LANGUAGE_STANDARD = gnu11;
				GCC_NO_COMMON_BLOCKS = YES;
				GCC_WARN_64_TO_32_BIT_CONVERSION = YES;
				GCC_WARN_ABOUT_RETURN_TYPE = YES_ERROR;
				GCC_WARN_UNDECLARED_SELECTOR = YES;
				GCC_WARN_UNINITIALIZED_AUTOS = YES_AGGRESSIVE;
				GCC_WARN_UNUSED_FUNCTION = YES;
				GCC_WARN_UNUSED_VARIABLE = YES;
				IPHONEOS_DEPLOYMENT_TARGET = 15.5;
				MTL_ENABLE_DEBUG_INFO = NO;
				MTL_FAST_MATH = YES;
				SDKROOT = iphoneos;
				SWIFT_COMPILATION_MODE = wholemodule;
				SWIFT_OPTIMIZATION_LEVEL = "-O";
				VALIDATE_PRODUCT = YES;
			};
			name = Release;
		};
		57B68697283803E000986E92 /* Debug */ = {
			isa = XCBuildConfiguration;
			buildSettings = {
				ASSETCATALOG_COMPILER_APPICON_NAME = AppIcon;
				ASSETCATALOG_COMPILER_GLOBAL_ACCENT_COLOR_NAME = AccentColor;
				CODE_SIGN_STYLE = Automatic;
				CURRENT_PROJECT_VERSION = 1;
				DEVELOPMENT_TEAM = FZU84SDGV7;
				GENERATE_INFOPLIST_FILE = YES;
				INFOPLIST_FILE = GHFollowers/Info.plist;
				INFOPLIST_KEY_UIApplicationSupportsIndirectInputEvents = YES;
				INFOPLIST_KEY_UILaunchStoryboardName = LaunchScreen;
				INFOPLIST_KEY_UISupportedInterfaceOrientations = UIInterfaceOrientationPortrait;
				INFOPLIST_KEY_UISupportedInterfaceOrientations_iPad = "UIInterfaceOrientationPortrait UIInterfaceOrientationPortraitUpsideDown UIInterfaceOrientationLandscapeLeft UIInterfaceOrientationLandscapeRight";
				INFOPLIST_KEY_UISupportedInterfaceOrientations_iPhone = "UIInterfaceOrientationPortrait UIInterfaceOrientationLandscapeLeft UIInterfaceOrientationLandscapeRight";
				IPHONEOS_DEPLOYMENT_TARGET = 15.5;
				LD_RUNPATH_SEARCH_PATHS = (
					"$(inherited)",
					"@executable_path/Frameworks",
				);
				MARKETING_VERSION = 1.0;
				PRODUCT_BUNDLE_IDENTIFIER = com.mekhriddin.GHFollowers;
				PRODUCT_NAME = "$(TARGET_NAME)";
				SWIFT_EMIT_LOC_STRINGS = YES;
				SWIFT_VERSION = 5.0;
				TARGETED_DEVICE_FAMILY = 1;
			};
			name = Debug;
		};
		57B68698283803E000986E92 /* Release */ = {
			isa = XCBuildConfiguration;
			buildSettings = {
				ASSETCATALOG_COMPILER_APPICON_NAME = AppIcon;
				ASSETCATALOG_COMPILER_GLOBAL_ACCENT_COLOR_NAME = AccentColor;
				CODE_SIGN_STYLE = Automatic;
				CURRENT_PROJECT_VERSION = 1;
				DEVELOPMENT_TEAM = FZU84SDGV7;
				GENERATE_INFOPLIST_FILE = YES;
				INFOPLIST_FILE = GHFollowers/Info.plist;
				INFOPLIST_KEY_UIApplicationSupportsIndirectInputEvents = YES;
				INFOPLIST_KEY_UILaunchStoryboardName = LaunchScreen;
				INFOPLIST_KEY_UISupportedInterfaceOrientations = UIInterfaceOrientationPortrait;
				INFOPLIST_KEY_UISupportedInterfaceOrientations_iPad = "UIInterfaceOrientationPortrait UIInterfaceOrientationPortraitUpsideDown UIInterfaceOrientationLandscapeLeft UIInterfaceOrientationLandscapeRight";
				INFOPLIST_KEY_UISupportedInterfaceOrientations_iPhone = "UIInterfaceOrientationPortrait UIInterfaceOrientationLandscapeLeft UIInterfaceOrientationLandscapeRight";
				IPHONEOS_DEPLOYMENT_TARGET = 15.5;
				LD_RUNPATH_SEARCH_PATHS = (
					"$(inherited)",
					"@executable_path/Frameworks",
				);
				MARKETING_VERSION = 1.0;
				PRODUCT_BUNDLE_IDENTIFIER = com.mekhriddin.GHFollowers;
				PRODUCT_NAME = "$(TARGET_NAME)";
				SWIFT_EMIT_LOC_STRINGS = YES;
				SWIFT_VERSION = 5.0;
				TARGETED_DEVICE_FAMILY = 1;
			};
			name = Release;
		};
/* End XCBuildConfiguration section */

/* Begin XCConfigurationList section */
		57B6867D283803DF00986E92 /* Build configuration list for PBXProject "GHFollowers" */ = {
			isa = XCConfigurationList;
			buildConfigurations = (
				57B68694283803E000986E92 /* Debug */,
				57B68695283803E000986E92 /* Release */,
			);
			defaultConfigurationIsVisible = 0;
			defaultConfigurationName = Release;
		};
		57B68696283803E000986E92 /* Build configuration list for PBXNativeTarget "GHFollowers" */ = {
			isa = XCConfigurationList;
			buildConfigurations = (
				57B68697283803E000986E92 /* Debug */,
				57B68698283803E000986E92 /* Release */,
			);
			defaultConfigurationIsVisible = 0;
			defaultConfigurationName = Release;
		};
/* End XCConfigurationList section */
	};
	rootObject = 57B6867A283803DF00986E92 /* Project object */;
}
